
Microsoft Visual Studio Solution File, Format Version 12.00
Project("{2150E333-8FDC-42A3-9474-1A3956D46DE8}") = "src", "src", "{2C8A86B0-1DD1-4996-ADE4-E959FBF18D4A}"
EndProject
Project("{FAE04EC0-301F-11D3-BF4B-00C04F79EFBC}") = "Main", "src\Main\Main.csproj", "{2A6C7633-728A-42EA-81A4-7E4F2ABB3BED}"
EndProject
Project("{FAE04EC0-301F-11D3-BF4B-00C04F79EFBC}") = "Application", "src\Application\Application.csproj", "{EE896131-C536-4446-B89C-3A6C680BE3CA}"
EndProject
Project("{FAE04EC0-301F-11D3-BF4B-00C04F79EFBC}") = "Infrastructure", "src\Infrastructure\Infrastructure.csproj", "{F9584E86-B6EA-4974-81C7-EB99CB7F4F6F}"
EndProject
Project("{2150E333-8FDC-42A3-9474-1A3956D46DE8}") = "test", "test", "{C88E3093-C6B9-43CF-BFAC-0F8827CB0685}"
EndProject
Project("{FAE04EC0-301F-11D3-BF4B-00C04F79EFBC}") = "ApplicationTests", "test\ApplicationTests\ApplicationTests.csproj", "{B97E4902-9BE0-42C1-B45E-D34EDBDD616C}"
EndProject
Global
	GlobalSection(SolutionConfigurationPlatforms) = preSolution
		Debug|Any CPU = Debug|Any CPU
		Release|Any CPU = Release|Any CPU
	EndGlobalSection
	GlobalSection(ProjectConfigurationPlatforms) = postSolution
		{2A6C7633-728A-42EA-81A4-7E4F2ABB3BED}.Debug|Any CPU.ActiveCfg = Debug|Any CPU
		{2A6C7633-728A-42EA-81A4-7E4F2ABB3BED}.Debug|Any CPU.Build.0 = Debug|Any CPU
		{2A6C7633-728A-42EA-81A4-7E4F2ABB3BED}.Release|Any CPU.ActiveCfg = Release|Any CPU
		{2A6C7633-728A-42EA-81A4-7E4F2ABB3BED}.Release|Any CPU.Build.0 = Release|Any CPU
		{EE896131-C536-4446-B89C-3A6C680BE3CA}.Debug|Any CPU.ActiveCfg = Debug|Any CPU
		{EE896131-C536-4446-B89C-3A6C680BE3CA}.Debug|Any CPU.Build.0 = Debug|Any CPU
		{EE896131-C536-4446-B89C-3A6C680BE3CA}.Release|Any CPU.ActiveCfg = Release|Any CPU
		{EE896131-C536-4446-B89C-3A6C680BE3CA}.Release|Any CPU.Build.0 = Release|Any CPU
		{F9584E86-B6EA-4974-81C7-EB99CB7F4F6F}.Debug|Any CPU.ActiveCfg = Debug|Any CPU
		{F9584E86-B6EA-4974-81C7-EB99CB7F4F6F}.Debug|Any CPU.Build.0 = Debug|Any CPU
		{F9584E86-B6EA-4974-81C7-EB99CB7F4F6F}.Release|Any CPU.ActiveCfg = Release|Any CPU
		{F9584E86-B6EA-4974-81C7-EB99CB7F4F6F}.Release|Any CPU.Build.0 = Release|Any CPU
		{B97E4902-9BE0-42C1-B45E-D34EDBDD616C}.Debug|Any CPU.ActiveCfg = Debug|Any CPU
		{B97E4902-9BE0-42C1-B45E-D34EDBDD616C}.Debug|Any CPU.Build.0 = Debug|Any CPU
		{B97E4902-9BE0-42C1-B45E-D34EDBDD616C}.Release|Any CPU.ActiveCfg = Release|Any CPU
		{B97E4902-9BE0-42C1-B45E-D34EDBDD616C}.Release|Any CPU.Build.0 = Release|Any CPU
	EndGlobalSection
	GlobalSection(NestedProjects) = preSolution
		{2A6C7633-728A-42EA-81A4-7E4F2ABB3BED} = {2C8A86B0-1DD1-4996-ADE4-E959FBF18D4A}
		{EE896131-C536-4446-B89C-3A6C680BE3CA} = {2C8A86B0-1DD1-4996-ADE4-E959FBF18D4A}
		{F9584E86-B6EA-4974-81C7-EB99CB7F4F6F} = {2C8A86B0-1DD1-4996-ADE4-E959FBF18D4A}
		{B97E4902-9BE0-42C1-B45E-D34EDBDD616C} = {C88E3093-C6B9-43CF-BFAC-0F8827CB0685}
	EndGlobalSection
EndGlobal
